
Microsoft Visual Studio Solution File, Format Version 12.00
# Visual Studio Version 16
VisualStudioVersion = 16.0.31205.134
MinimumVisualStudioVersion = 10.0.40219.1
Project("{FAE04EC0-301F-11D3-BF4B-00C04F79EFBC}") = "AdditionOfNumbers", "AdditionOfNumbers\AdditionOfNumbers.csproj", "{C52FAEB1-8600-417E-AF0D-F9CAAE41262F}"
EndProject
Project("{FAE04EC0-301F-11D3-BF4B-00C04F79EFBC}") = "UnitTestProject1", "UnitTestProject1\UnitTestProject1.csproj", "{ED87F3A3-76D0-4270-AEA8-A182D66B00CE}"
EndProject
Global
	GlobalSection(SolutionConfigurationPlatforms) = preSolution
		Debug|Any CPU = Debug|Any CPU
		Release|Any CPU = Release|Any CPU
	EndGlobalSection
	GlobalSection(ProjectConfigurationPlatforms) = postSolution
		{C52FAEB1-8600-417E-AF0D-F9CAAE41262F}.Debug|Any CPU.ActiveCfg = Debug|Any CPU
		{C52FAEB1-8600-417E-AF0D-F9CAAE41262F}.Debug|Any CPU.Build.0 = Debug|Any CPU
		{C52FAEB1-8600-417E-AF0D-F9CAAE41262F}.Release|Any CPU.ActiveCfg = Release|Any CPU
		{C52FAEB1-8600-417E-AF0D-F9CAAE41262F}.Release|Any CPU.Build.0 = Release|Any CPU
		{ED87F3A3-76D0-4270-AEA8-A182D66B00CE}.Debug|Any CPU.ActiveCfg = Debug|Any CPU
		{ED87F3A3-76D0-4270-AEA8-A182D66B00CE}.Debug|Any CPU.Build.0 = Debug|Any CPU
		{ED87F3A3-76D0-4270-AEA8-A182D66B00CE}.Release|Any CPU.ActiveCfg = Release|Any CPU
		{ED87F3A3-76D0-4270-AEA8-A182D66B00CE}.Release|Any CPU.Build.0 = Release|Any CPU
	EndGlobalSection
	GlobalSection(SolutionProperties) = preSolution
		HideSolutionNode = FALSE
	EndGlobalSection
	GlobalSection(ExtensibilityGlobals) = postSolution
		SolutionGuid = {1BAD2656-B4FD-4065-B83D-D685B5ABC077}
	EndGlobalSection
EndGlobal
